
Microsoft Visual Studio Solution File, Format Version 12.00
# Visual Studio Version 17
VisualStudioVersion = 17.6.33829.357
MinimumVisualStudioVersion = 10.0.40219.1
Project("{9A19103F-16F7-4668-BE54-9A1E7A4F7556}") = "PlatformService", "PlatformService\PlatformService.csproj", "{A0BE27FF-FF22-40B9-B87D-D3E5A777F46A}"
EndProject
Project("{FAE04EC0-301F-11D3-BF4B-00C04F79EFBC}") = "CommandService", "CommandService\CommandService.csproj", "{644909F7-4772-415E-A6A0-D4AF9C700E95}"
EndProject
Global
	GlobalSection(SolutionConfigurationPlatforms) = preSolution
		Debug|Any CPU = Debug|Any CPU
		Release|Any CPU = Release|Any CPU
	EndGlobalSection
	GlobalSection(ProjectConfigurationPlatforms) = postSolution
		{A0BE27FF-FF22-40B9-B87D-D3E5A777F46A}.Debug|Any CPU.ActiveCfg = Debug|Any CPU
		{A0BE27FF-FF22-40B9-B87D-D3E5A777F46A}.Debug|Any CPU.Build.0 = Debug|Any CPU
		{A0BE27FF-FF22-40B9-B87D-D3E5A777F46A}.Release|Any CPU.ActiveCfg = Release|Any CPU
		{A0BE27FF-FF22-40B9-B87D-D3E5A777F46A}.Release|Any CPU.Build.0 = Release|Any CPU
		{644909F7-4772-415E-A6A0-D4AF9C700E95}.Debug|Any CPU.ActiveCfg = Debug|Any CPU
		{644909F7-4772-415E-A6A0-D4AF9C700E95}.Debug|Any CPU.Build.0 = Debug|Any CPU
		{644909F7-4772-415E-A6A0-D4AF9C700E95}.Release|Any CPU.ActiveCfg = Release|Any CPU
		{644909F7-4772-415E-A6A0-D4AF9C700E95}.Release|Any CPU.Build.0 = Release|Any CPU
	EndGlobalSection
	GlobalSection(SolutionProperties) = preSolution
		HideSolutionNode = FALSE
	EndGlobalSection
	GlobalSection(ExtensibilityGlobals) = postSolution
		SolutionGuid = {4D07EF04-CF11-4818-AA73-E8E5C5CABA26}
	EndGlobalSection
EndGlobal
